
Microsoft Visual Studio Solution File, Format Version 12.00
# Visual Studio Version 16
VisualStudioVersion = 16.0.32106.194
MinimumVisualStudioVersion = 10.0.40219.1
Project("{FAE04EC0-301F-11D3-BF4B-00C04F79EFBC}") = "MZHealthManagement.Server", "MZHealthManagement\Server\MZHealthManagement.Server.csproj", "{BE779BC6-8059-4011-842B-9F64EB877EB0}"
EndProject
Project("{FAE04EC0-301F-11D3-BF4B-00C04F79EFBC}") = "MZHealthManagement.Client", "MZHealthManagement\Client\MZHealthManagement.Client.csproj", "{C12B64D4-F826-42A5-9253-975FC8B14555}"
EndProject
Project("{FAE04EC0-301F-11D3-BF4B-00C04F79EFBC}") = "MZHealthManagement.Shared", "MZHealthManagement\Shared\MZHealthManagement.Shared.csproj", "{BE1F4CBC-10A7-4145-816C-AF92A1CC13BE}"
EndProject
Global
	GlobalSection(SolutionConfigurationPlatforms) = preSolution
		Debug|Any CPU = Debug|Any CPU
		Release|Any CPU = Release|Any CPU
	EndGlobalSection
	GlobalSection(ProjectConfigurationPlatforms) = postSolution
		{BE779BC6-8059-4011-842B-9F64EB877EB0}.Debug|Any CPU.ActiveCfg = Debug|Any CPU
		{BE779BC6-8059-4011-842B-9F64EB877EB0}.Debug|Any CPU.Build.0 = Debug|Any CPU
		{BE779BC6-8059-4011-842B-9F64EB877EB0}.Release|Any CPU.ActiveCfg = Release|Any CPU
		{BE779BC6-8059-4011-842B-9F64EB877EB0}.Release|Any CPU.Build.0 = Release|Any CPU
		{C12B64D4-F826-42A5-9253-975FC8B14555}.Debug|Any CPU.ActiveCfg = Debug|Any CPU
		{C12B64D4-F826-42A5-9253-975FC8B14555}.Debug|Any CPU.Build.0 = Debug|Any CPU
		{C12B64D4-F826-42A5-9253-975FC8B14555}.Release|Any CPU.ActiveCfg = Release|Any CPU
		{C12B64D4-F826-42A5-9253-975FC8B14555}.Release|Any CPU.Build.0 = Release|Any CPU
		{BE1F4CBC-10A7-4145-816C-AF92A1CC13BE}.Debug|Any CPU.ActiveCfg = Debug|Any CPU
		{BE1F4CBC-10A7-4145-816C-AF92A1CC13BE}.Debug|Any CPU.Build.0 = Debug|Any CPU
		{BE1F4CBC-10A7-4145-816C-AF92A1CC13BE}.Release|Any CPU.ActiveCfg = Release|Any CPU
		{BE1F4CBC-10A7-4145-816C-AF92A1CC13BE}.Release|Any CPU.Build.0 = Release|Any CPU
	EndGlobalSection
	GlobalSection(SolutionProperties) = preSolution
		HideSolutionNode = FALSE
	EndGlobalSection
	GlobalSection(ExtensibilityGlobals) = postSolution
		SolutionGuid = {73ECA3CD-E861-4492-85D3-54891FC33300}
	EndGlobalSection
EndGlobal
